// !$*UTF8*$!
{
	archiveVersion = 1;
	classes = {
	};
	objectVersion = 46;
	objects = {

/* Begin PBXBuildFile section */
		224969E61CA13E61005FD3B5 /* UIImageExtension.swift in Sources */ = {isa = PBXBuildFile; fileRef = 224969E51CA13E61005FD3B5 /* UIImageExtension.swift */; };
		22A12A091C9F976D008635DF /* Movie+CoreDataProperties.swift in Sources */ = {isa = PBXBuildFile; fileRef = 22A12A081C9F976D008635DF /* Movie+CoreDataProperties.swift */; };
		22A12A0D1C9F9AFA008635DF /* IMDB.swift in Sources */ = {isa = PBXBuildFile; fileRef = 22A12A0C1C9F9AFA008635DF /* IMDB.swift */; };
		304FFE07094E318CC183B3E6 /* Pods_Movie_Favs.framework in Frameworks */ = {isa = PBXBuildFile; fileRef = 9AA1F278F01DAB185EF9677C /* Pods_Movie_Favs.framework */; };
		9F588C2E1C97C42100E300F2 /* AppDelegate.swift in Sources */ = {isa = PBXBuildFile; fileRef = 9F588C2D1C97C42100E300F2 /* AppDelegate.swift */; };
		9F588C301C97C42100E300F2 /* ViewController.swift in Sources */ = {isa = PBXBuildFile; fileRef = 9F588C2F1C97C42100E300F2 /* ViewController.swift */; };
		9F588C331C97C42100E300F2 /* Main.storyboard in Resources */ = {isa = PBXBuildFile; fileRef = 9F588C311C97C42100E300F2 /* Main.storyboard */; };
		9F588C361C97C42100E300F2 /* Movie_Favs.xcdatamodeld in Sources */ = {isa = PBXBuildFile; fileRef = 9F588C341C97C42100E300F2 /* Movie_Favs.xcdatamodeld */; };
		9F588C381C97C42100E300F2 /* Assets.xcassets in Resources */ = {isa = PBXBuildFile; fileRef = 9F588C371C97C42100E300F2 /* Assets.xcassets */; };
		9F588C3B1C97C42100E300F2 /* LaunchScreen.storyboard in Resources */ = {isa = PBXBuildFile; fileRef = 9F588C391C97C42100E300F2 /* LaunchScreen.storyboard */; };
		9F588C481C97CDA800E300F2 /* Movie.swift in Sources */ = {isa = PBXBuildFile; fileRef = 9F588C461C97CDA800E300F2 /* Movie.swift */; };
		9F588C4C1C97CF6000E300F2 /* MovieCell.swift in Sources */ = {isa = PBXBuildFile; fileRef = 9F588C4B1C97CF6000E300F2 /* MovieCell.swift */; };
		9F588C4E1C97D0CC00E300F2 /* DetailVC.swift in Sources */ = {isa = PBXBuildFile; fileRef = 9F588C4D1C97D0CC00E300F2 /* DetailVC.swift */; };
		9F588C501C98208000E300F2 /* CreateMovieVC.swift in Sources */ = {isa = PBXBuildFile; fileRef = 9F588C4F1C98208000E300F2 /* CreateMovieVC.swift */; };
		9F588C521C9939E700E300F2 /* Rating.swift in Sources */ = {isa = PBXBuildFile; fileRef = 9F588C511C9939E700E300F2 /* Rating.swift */; };
		9F9A86DF1C9C0BCB002BD8DA /* VerticalAlignLabel.swift in Sources */ = {isa = PBXBuildFile; fileRef = 9F9A86DE1C9C0BCB002BD8DA /* VerticalAlignLabel.swift */; };
/* End PBXBuildFile section */

/* Begin PBXFileReference section */
		07EB3EC63A94E21BD61A8C88 /* Pods-Movie-Favs.debug.xcconfig */ = {isa = PBXFileReference; includeInIndex = 1; lastKnownFileType = text.xcconfig; name = "Pods-Movie-Favs.debug.xcconfig"; path = "Pods/Target Support Files/Pods-Movie-Favs/Pods-Movie-Favs.debug.xcconfig"; sourceTree = "<group>"; };
		224969E51CA13E61005FD3B5 /* UIImageExtension.swift */ = {isa = PBXFileReference; fileEncoding = 4; lastKnownFileType = sourcecode.swift; path = UIImageExtension.swift; sourceTree = "<group>"; };
		22A12A081C9F976D008635DF /* Movie+CoreDataProperties.swift */ = {isa = PBXFileReference; fileEncoding = 4; lastKnownFileType = sourcecode.swift; name = "Movie+CoreDataProperties.swift"; path = "../Movie+CoreDataProperties.swift"; sourceTree = "<group>"; };
		22A12A0C1C9F9AFA008635DF /* IMDB.swift */ = {isa = PBXFileReference; fileEncoding = 4; lastKnownFileType = sourcecode.swift; path = IMDB.swift; sourceTree = "<group>"; };
		3CB42308221C59D92516DAC2 /* Pods-Movie-Favs.release.xcconfig */ = {isa = PBXFileReference; includeInIndex = 1; lastKnownFileType = text.xcconfig; name = "Pods-Movie-Favs.release.xcconfig"; path = "Pods/Target Support Files/Pods-Movie-Favs/Pods-Movie-Favs.release.xcconfig"; sourceTree = "<group>"; };
		9AA1F278F01DAB185EF9677C /* Pods_Movie_Favs.framework */ = {isa = PBXFileReference; explicitFileType = wrapper.framework; includeInIndex = 0; path = Pods_Movie_Favs.framework; sourceTree = BUILT_PRODUCTS_DIR; };
		9F588C2A1C97C42100E300F2 /* Movie-Favs.app */ = {isa = PBXFileReference; explicitFileType = wrapper.application; includeInIndex = 0; path = "Movie-Favs.app"; sourceTree = BUILT_PRODUCTS_DIR; };
		9F588C2D1C97C42100E300F2 /* AppDelegate.swift */ = {isa = PBXFileReference; lastKnownFileType = sourcecode.swift; path = AppDelegate.swift; sourceTree = "<group>"; };
		9F588C2F1C97C42100E300F2 /* ViewController.swift */ = {isa = PBXFileReference; lastKnownFileType = sourcecode.swift; path = ViewController.swift; sourceTree = "<group>"; };
		9F588C321C97C42100E300F2 /* Base */ = {isa = PBXFileReference; lastKnownFileType = file.storyboard; name = Base; path = Base.lproj/Main.storyboard; sourceTree = "<group>"; };
		9F588C351C97C42100E300F2 /* Movie_Favs.xcdatamodel */ = {isa = PBXFileReference; lastKnownFileType = wrapper.xcdatamodel; path = Movie_Favs.xcdatamodel; sourceTree = "<group>"; };
		9F588C371C97C42100E300F2 /* Assets.xcassets */ = {isa = PBXFileReference; lastKnownFileType = folder.assetcatalog; path = Assets.xcassets; sourceTree = "<group>"; };
		9F588C3A1C97C42100E300F2 /* Base */ = {isa = PBXFileReference; lastKnownFileType = file.storyboard; name = Base; path = Base.lproj/LaunchScreen.storyboard; sourceTree = "<group>"; };
		9F588C3C1C97C42100E300F2 /* Info.plist */ = {isa = PBXFileReference; lastKnownFileType = text.plist.xml; path = Info.plist; sourceTree = "<group>"; };
		9F588C461C97CDA800E300F2 /* Movie.swift */ = {isa = PBXFileReference; fileEncoding = 4; lastKnownFileType = sourcecode.swift; name = Movie.swift; path = ../Movie.swift; sourceTree = "<group>"; };
		9F588C4B1C97CF6000E300F2 /* MovieCell.swift */ = {isa = PBXFileReference; fileEncoding = 4; lastKnownFileType = sourcecode.swift; path = MovieCell.swift; sourceTree = "<group>"; };
		9F588C4D1C97D0CC00E300F2 /* DetailVC.swift */ = {isa = PBXFileReference; fileEncoding = 4; lastKnownFileType = sourcecode.swift; path = DetailVC.swift; sourceTree = "<group>"; };
		9F588C4F1C98208000E300F2 /* CreateMovieVC.swift */ = {isa = PBXFileReference; fileEncoding = 4; lastKnownFileType = sourcecode.swift; path = CreateMovieVC.swift; sourceTree = "<group>"; };
		9F588C511C9939E700E300F2 /* Rating.swift */ = {isa = PBXFileReference; fileEncoding = 4; lastKnownFileType = sourcecode.swift; path = Rating.swift; sourceTree = "<group>"; };
		9F9A86DE1C9C0BCB002BD8DA /* VerticalAlignLabel.swift */ = {isa = PBXFileReference; fileEncoding = 4; lastKnownFileType = sourcecode.swift; path = VerticalAlignLabel.swift; sourceTree = "<group>"; };
/* End PBXFileReference section */

/* Begin PBXFrameworksBuildPhase section */
		9F588C271C97C42100E300F2 /* Frameworks */ = {
			isa = PBXFrameworksBuildPhase;
			buildActionMask = 2147483647;
			files = (
				304FFE07094E318CC183B3E6 /* Pods_Movie_Favs.framework in Frameworks */,
			);
			runOnlyForDeploymentPostprocessing = 0;
		};
/* End PBXFrameworksBuildPhase section */

/* Begin PBXGroup section */
		6907A81034B9DAD2BBB54053 /* Pods */ = {
			isa = PBXGroup;
			children = (
				07EB3EC63A94E21BD61A8C88 /* Pods-Movie-Favs.debug.xcconfig */,
				3CB42308221C59D92516DAC2 /* Pods-Movie-Favs.release.xcconfig */,
			);
			name = Pods;
			sourceTree = "<group>";
		};
		9F588C211C97C42100E300F2 = {
			isa = PBXGroup;
			children = (
				9F588C2C1C97C42100E300F2 /* Movie-Favs */,
				9F588C2B1C97C42100E300F2 /* Products */,
				6907A81034B9DAD2BBB54053 /* Pods */,
				F54E8FF6D9119B385A3DF7F3 /* Frameworks */,
			);
			sourceTree = "<group>";
		};
		9F588C2B1C97C42100E300F2 /* Products */ = {
			isa = PBXGroup;
			children = (
				9F588C2A1C97C42100E300F2 /* Movie-Favs.app */,
			);
			name = Products;
			sourceTree = "<group>";
		};
		9F588C2C1C97C42100E300F2 /* Movie-Favs */ = {
			isa = PBXGroup;
			children = (
				9F588C441C97C43900E300F2 /* Model */,
				9F588C431C97C43100E300F2 /* View */,
				9F588C421C97C42C00E300F2 /* Controller */,
				9F588C2D1C97C42100E300F2 /* AppDelegate.swift */,
				22A12A081C9F976D008635DF /* Movie+CoreDataProperties.swift */,
				9F588C371C97C42100E300F2 /* Assets.xcassets */,
				9F588C3C1C97C42100E300F2 /* Info.plist */,
				9F588C341C97C42100E300F2 /* Movie_Favs.xcdatamodeld */,
			);
			path = "Movie-Favs";
			sourceTree = "<group>";
		};
		9F588C421C97C42C00E300F2 /* Controller */ = {
			isa = PBXGroup;
			children = (
				9F588C2F1C97C42100E300F2 /* ViewController.swift */,
				9F588C4D1C97D0CC00E300F2 /* DetailVC.swift */,
				9F588C4F1C98208000E300F2 /* CreateMovieVC.swift */,
			);
			name = Controller;
			sourceTree = "<group>";
		};
		9F588C431C97C43100E300F2 /* View */ = {
			isa = PBXGroup;
			children = (
				9F588C311C97C42100E300F2 /* Main.storyboard */,
				9F588C391C97C42100E300F2 /* LaunchScreen.storyboard */,
				9F588C4B1C97CF6000E300F2 /* MovieCell.swift */,
				9F588C511C9939E700E300F2 /* Rating.swift */,
				9F9A86DE1C9C0BCB002BD8DA /* VerticalAlignLabel.swift */,
			);
			name = View;
			sourceTree = "<group>";
		};
		9F588C441C97C43900E300F2 /* Model */ = {
			isa = PBXGroup;
			children = (
				9F588C461C97CDA800E300F2 /* Movie.swift */,
				22A12A0C1C9F9AFA008635DF /* IMDB.swift */,
				224969E51CA13E61005FD3B5 /* UIImageExtension.swift */,
			);
			name = Model;
			sourceTree = "<group>";
		};
		F54E8FF6D9119B385A3DF7F3 /* Frameworks */ = {
			isa = PBXGroup;
			children = (
				9AA1F278F01DAB185EF9677C /* Pods_Movie_Favs.framework */,
			);
			name = Frameworks;
			sourceTree = "<group>";
		};
/* End PBXGroup section */

/* Begin PBXNativeTarget section */
		9F588C291C97C42100E300F2 /* Movie-Favs */ = {
			isa = PBXNativeTarget;
			buildConfigurationList = 9F588C3F1C97C42100E300F2 /* Build configuration list for PBXNativeTarget "Movie-Favs" */;
			buildPhases = (
				0AADA7B09098E7853D66E119 /* Check Pods Manifest.lock */,
				9F588C261C97C42100E300F2 /* Sources */,
				9F588C271C97C42100E300F2 /* Frameworks */,
				9F588C281C97C42100E300F2 /* Resources */,
				4E0EA4D7388800650BF2EFF2 /* Embed Pods Frameworks */,
				A64E5039FB0B327AF4B874BC /* Copy Pods Resources */,
			);
			buildRules = (
			);
			dependencies = (
			);
			name = "Movie-Favs";
			productName = "Movie-Favs";
			productReference = 9F588C2A1C97C42100E300F2 /* Movie-Favs.app */;
			productType = "com.apple.product-type.application";
		};
/* End PBXNativeTarget section */

/* Begin PBXProject section */
		9F588C221C97C42100E300F2 /* Project object */ = {
			isa = PBXProject;
			attributes = {
				LastSwiftUpdateCheck = 0720;
				LastUpgradeCheck = 0720;
				ORGANIZATIONNAME = "Tim Knowles";
				TargetAttributes = {
					9F588C291C97C42100E300F2 = {
						CreatedOnToolsVersion = 7.2.1;
					};
				};
			};
			buildConfigurationList = 9F588C251C97C42100E300F2 /* Build configuration list for PBXProject "Movie-Favs" */;
			compatibilityVersion = "Xcode 3.2";
			developmentRegion = English;
			hasScannedForEncodings = 0;
			knownRegions = (
				en,
				Base,
			);
			mainGroup = 9F588C211C97C42100E300F2;
			productRefGroup = 9F588C2B1C97C42100E300F2 /* Products */;
			projectDirPath = "";
			projectRoot = "";
			targets = (
				9F588C291C97C42100E300F2 /* Movie-Favs */,
			);
		};
/* End PBXProject section */

/* Begin PBXResourcesBuildPhase section */
		9F588C281C97C42100E300F2 /* Resources */ = {
			isa = PBXResourcesBuildPhase;
			buildActionMask = 2147483647;
			files = (
				9F588C3B1C97C42100E300F2 /* LaunchScreen.storyboard in Resources */,
				9F588C381C97C42100E300F2 /* Assets.xcassets in Resources */,
				9F588C331C97C42100E300F2 /* Main.storyboard in Resources */,
			);
			runOnlyForDeploymentPostprocessing = 0;
		};
/* End PBXResourcesBuildPhase section */

/* Begin PBXShellScriptBuildPhase section */
		0AADA7B09098E7853D66E119 /* Check Pods Manifest.lock */ = {
			isa = PBXShellScriptBuildPhase;
			buildActionMask = 2147483647;
			files = (
			);
			inputPaths = (
			);
			name = "Check Pods Manifest.lock";
			outputPaths = (
			);
			runOnlyForDeploymentPostprocessing = 0;
			shellPath = /bin/sh;
			shellScript = "diff \"${PODS_ROOT}/../Podfile.lock\" \"${PODS_ROOT}/Manifest.lock\" > /dev/null\nif [[ $? != 0 ]] ; then\n    cat << EOM\nerror: The sandbox is not in sync with the Podfile.lock. Run 'pod install' or update your CocoaPods installation.\nEOM\n    exit 1\nfi\n";
			showEnvVarsInLog = 0;
		};
		4E0EA4D7388800650BF2EFF2 /* Embed Pods Frameworks */ = {
			isa = PBXShellScriptBuildPhase;
			buildActionMask = 2147483647;
			files = (
			);
			inputPaths = (
			);
			name = "Embed Pods Frameworks";
			outputPaths = (
			);
			runOnlyForDeploymentPostprocessing = 0;
			shellPath = /bin/sh;
			shellScript = "\"${SRCROOT}/Pods/Target Support Files/Pods-Movie-Favs/Pods-Movie-Favs-frameworks.sh\"\n";
			showEnvVarsInLog = 0;
		};
		A64E5039FB0B327AF4B874BC /* Copy Pods Resources */ = {
			isa = PBXShellScriptBuildPhase;
			buildActionMask = 2147483647;
			files = (
			);
			inputPaths = (
			);
			name = "Copy Pods Resources";
			outputPaths = (
			);
			runOnlyForDeploymentPostprocessing = 0;
			shellPath = /bin/sh;
			shellScript = "\"${SRCROOT}/Pods/Target Support Files/Pods-Movie-Favs/Pods-Movie-Favs-resources.sh\"\n";
			showEnvVarsInLog = 0;
		};
/* End PBXShellScriptBuildPhase section */

/* Begin PBXSourcesBuildPhase section */
		9F588C261C97C42100E300F2 /* Sources */ = {
			isa = PBXSourcesBuildPhase;
			buildActionMask = 2147483647;
			files = (
				9F9A86DF1C9C0BCB002BD8DA /* VerticalAlignLabel.swift in Sources */,
				9F588C301C97C42100E300F2 /* ViewController.swift in Sources */,
				9F588C4C1C97CF6000E300F2 /* MovieCell.swift in Sources */,
				9F588C501C98208000E300F2 /* CreateMovieVC.swift in Sources */,
				9F588C361C97C42100E300F2 /* Movie_Favs.xcdatamodeld in Sources */,
				9F588C2E1C97C42100E300F2 /* AppDelegate.swift in Sources */,
				22A12A091C9F976D008635DF /* Movie+CoreDataProperties.swift in Sources */,
				9F588C521C9939E700E300F2 /* Rating.swift in Sources */,
				9F588C481C97CDA800E300F2 /* Movie.swift in Sources */,
				22A12A0D1C9F9AFA008635DF /* IMDB.swift in Sources */,
				9F588C4E1C97D0CC00E300F2 /* DetailVC.swift in Sources */,
				224969E61CA13E61005FD3B5 /* UIImageExtension.swift in Sources */,
			);
			runOnlyForDeploymentPostprocessing = 0;
		};
/* End PBXSourcesBuildPhase section */

/* Begin PBXVariantGroup section */
		9F588C311C97C42100E300F2 /* Main.storyboard */ = {
			isa = PBXVariantGroup;
			children = (
				9F588C321C97C42100E300F2 /* Base */,
			);
			name = Main.storyboard;
			sourceTree = "<group>";
		};
		9F588C391C97C42100E300F2 /* LaunchScreen.storyboard */ = {
			isa = PBXVariantGroup;
			children = (
				9F588C3A1C97C42100E300F2 /* Base */,
			);
			name = LaunchScreen.storyboard;
			sourceTree = "<group>";
		};
/* End PBXVariantGroup section */

/* Begin XCBuildConfiguration section */
		9F588C3D1C97C42100E300F2 /* Debug */ = {
			isa = XCBuildConfiguration;
			buildSettings = {
				ALWAYS_SEARCH_USER_PATHS = NO;
				CLANG_CXX_LANGUAGE_STANDARD = "gnu++0x";
				CLANG_CXX_LIBRARY = "libc++";
				CLANG_ENABLE_MODULES = YES;
				CLANG_ENABLE_OBJC_ARC = YES;
				CLANG_WARN_BOOL_CONVERSION = YES;
				CLANG_WARN_CONSTANT_CONVERSION = YES;
				CLANG_WARN_DIRECT_OBJC_ISA_USAGE = YES_ERROR;
				CLANG_WARN_EMPTY_BODY = YES;
				CLANG_WARN_ENUM_CONVERSION = YES;
				CLANG_WARN_INT_CONVERSION = YES;
				CLANG_WARN_OBJC_ROOT_CLASS = YES_ERROR;
				CLANG_WARN_UNREACHABLE_CODE = YES;
				CLANG_WARN__DUPLICATE_METHOD_MATCH = YES;
				"CODE_SIGN_IDENTITY[sdk=iphoneos*]" = "iPhone Developer";
				COPY_PHASE_STRIP = NO;
				DEBUG_INFORMATION_FORMAT = dwarf;
				ENABLE_STRICT_OBJC_MSGSEND = YES;
				ENABLE_TESTABILITY = YES;
				GCC_C_LANGUAGE_STANDARD = gnu99;
				GCC_DYNAMIC_NO_PIC = NO;
				GCC_NO_COMMON_BLOCKS = YES;
				GCC_OPTIMIZATION_LEVEL = 0;
				GCC_PREPROCESSOR_DEFINITIONS = (
					"DEBUG=1",
					"$(inherited)",
				);
				GCC_WARN_64_TO_32_BIT_CONVERSION = YES;
				GCC_WARN_ABOUT_RETURN_TYPE = YES_ERROR;
				GCC_WARN_UNDECLARED_SELECTOR = YES;
				GCC_WARN_UNINITIALIZED_AUTOS = YES_AGGRESSIVE;
				GCC_WARN_UNUSED_FUNCTION = YES;
				GCC_WARN_UNUSED_VARIABLE = YES;
				IPHONEOS_DEPLOYMENT_TARGET = 9.2;
				MTL_ENABLE_DEBUG_INFO = YES;
				ONLY_ACTIVE_ARCH = YES;
				SDKROOT = iphoneos;
				SWIFT_OPTIMIZATION_LEVEL = "-Onone";
				TARGETED_DEVICE_FAMILY = "1,2";
			};
			name = Debug;
		};
		9F588C3E1C97C42100E300F2 /* Release */ = {
			isa = XCBuildConfiguration;
			buildSettings = {
				ALWAYS_SEARCH_USER_PATHS = NO;
				CLANG_CXX_LANGUAGE_STANDARD = "gnu++0x";
				CLANG_CXX_LIBRARY = "libc++";
				CLANG_ENABLE_MODULES = YES;
				CLANG_ENABLE_OBJC_ARC = YES;
				CLANG_WARN_BOOL_CONVERSION = YES;
				CLANG_WARN_CONSTANT_CONVERSION = YES;
				CLANG_WARN_DIRECT_OBJC_ISA_USAGE = YES_ERROR;
				CLANG_WARN_EMPTY_BODY = YES;
				CLANG_WARN_ENUM_CONVERSION = YES;
				CLANG_WARN_INT_CONVERSION = YES;
				CLANG_WARN_OBJC_ROOT_CLASS = YES_ERROR;
				CLANG_WARN_UNREACHABLE_CODE = YES;
				CLANG_WARN__DUPLICATE_METHOD_MATCH = YES;
				"CODE_SIGN_IDENTITY[sdk=iphoneos*]" = "iPhone Developer";
				COPY_PHASE_STRIP = NO;
				DEBUG_INFORMATION_FORMAT = "dwarf-with-dsym";
				ENABLE_NS_ASSERTIONS = NO;
				ENABLE_STRICT_OBJC_MSGSEND = YES;
				GCC_C_LANGUAGE_STANDARD = gnu99;
				GCC_NO_COMMON_BLOCKS = YES;
				GCC_WARN_64_TO_32_BIT_CONVERSION = YES;
				GCC_WARN_ABOUT_RETURN_TYPE = YES_ERROR;
				GCC_WARN_UNDECLARED_SELECTOR = YES;
				GCC_WARN_UNINITIALIZED_AUTOS = YES_AGGRESSIVE;
				GCC_WARN_UNUSED_FUNCTION = YES;
				GCC_WARN_UNUSED_VARIABLE = YES;
				IPHONEOS_DEPLOYMENT_TARGET = 9.2;
				MTL_ENABLE_DEBUG_INFO = NO;
				SDKROOT = iphoneos;
				TARGETED_DEVICE_FAMILY = "1,2";
				VALIDATE_PRODUCT = YES;
			};
			name = Release;
		};
		9F588C401C97C42100E300F2 /* Debug */ = {
			isa = XCBuildConfiguration;
			baseConfigurationReference = 07EB3EC63A94E21BD61A8C88 /* Pods-Movie-Favs.debug.xcconfig */;
			buildSettings = {
				ASSETCATALOG_COMPILER_APPICON_NAME = AppIcon;
				INFOPLIST_FILE = "Movie-Favs/Info.plist";
				LD_RUNPATH_SEARCH_PATHS = "$(inherited) @executable_path/Frameworks";
				PRODUCT_BUNDLE_IDENTIFIER = "au.com.yourmarketingspecialist.Movie-Favs";
				PRODUCT_NAME = "$(TARGET_NAME)";
			};
			name = Debug;
		};
		9F588C411C97C42100E300F2 /* Release */ = {
			isa = XCBuildConfiguration;
			baseConfigurationReference = 3CB42308221C59D92516DAC2 /* Pods-Movie-Favs.release.xcconfig */;
			buildSettings = {
				ASSETCATALOG_COMPILER_APPICON_NAME = AppIcon;
				INFOPLIST_FILE = "Movie-Favs/Info.plist";
				LD_RUNPATH_SEARCH_PATHS = "$(inherited) @executable_path/Frameworks";
				PRODUCT_BUNDLE_IDENTIFIER = "au.com.yourmarketingspecialist.Movie-Favs";
				PRODUCT_NAME = "$(TARGET_NAME)";
			};
			name = Release;
		};
/* End XCBuildConfiguration section */

/* Begin XCConfigurationList section */
		9F588C251C97C42100E300F2 /* Build configuration list for PBXProject "Movie-Favs" */ = {
			isa = XCConfigurationList;
			buildConfigurations = (
				9F588C3D1C97C42100E300F2 /* Debug */,
				9F588C3E1C97C42100E300F2 /* Release */,
			);
			defaultConfigurationIsVisible = 0;
			defaultConfigurationName = Release;
		};
		9F588C3F1C97C42100E300F2 /* Build configuration list for PBXNativeTarget "Movie-Favs" */ = {
			isa = XCConfigurationList;
			buildConfigurations = (
				9F588C401C97C42100E300F2 /* Debug */,
				9F588C411C97C42100E300F2 /* Release */,
			);
			defaultConfigurationIsVisible = 0;
			defaultConfigurationName = Release;
		};
/* End XCConfigurationList section */

/* Begin XCVersionGroup section */
		9F588C341C97C42100E300F2 /* Movie_Favs.xcdatamodeld */ = {
			isa = XCVersionGroup;
			children = (
				9F588C351C97C42100E300F2 /* Movie_Favs.xcdatamodel */,
			);
			currentVersion = 9F588C351C97C42100E300F2 /* Movie_Favs.xcdatamodel */;
			path = Movie_Favs.xcdatamodeld;
			sourceTree = "<group>";
			versionGroupType = wrapper.xcdatamodel;
		};
/* End XCVersionGroup section */
	};
	rootObject = 9F588C221C97C42100E300F2 /* Project object */;
}
